// !$*UTF8*$!
{
	archiveVersion = 1;
	classes = {
	};
	objectVersion = 46;
	objects = {

/* Begin PBXBuildFile section */
		4F088EA3D10C457C9425E07B /* libPods.a in Frameworks */ = {isa = PBXBuildFile; fileRef = CF418A126DF342238241A0D8 /* libPods.a */; };
		613047AC18394D70000CCB3B /* Foundation.framework in Frameworks */ = {isa = PBXBuildFile; fileRef = 613047AB18394D70000CCB3B /* Foundation.framework */; };
		613047AE18394D70000CCB3B /* CoreGraphics.framework in Frameworks */ = {isa = PBXBuildFile; fileRef = 613047AD18394D70000CCB3B /* CoreGraphics.framework */; };
		613047B018394D70000CCB3B /* UIKit.framework in Frameworks */ = {isa = PBXBuildFile; fileRef = 613047AF18394D70000CCB3B /* UIKit.framework */; };
		613047B618394D70000CCB3B /* InfoPlist.strings in Resources */ = {isa = PBXBuildFile; fileRef = 613047B418394D70000CCB3B /* InfoPlist.strings */; };
		613047B818394D70000CCB3B /* main.m in Sources */ = {isa = PBXBuildFile; fileRef = 613047B718394D70000CCB3B /* main.m */; };
		613047BC18394D70000CCB3B /* AppDelegate.m in Sources */ = {isa = PBXBuildFile; fileRef = 613047BB18394D70000CCB3B /* AppDelegate.m */; };
		613047BF18394D70000CCB3B /* Main.storyboard in Resources */ = {isa = PBXBuildFile; fileRef = 613047BD18394D70000CCB3B /* Main.storyboard */; };
		613047C218394D70000CCB3B /* FirstViewController.m in Sources */ = {isa = PBXBuildFile; fileRef = 613047C118394D70000CCB3B /* FirstViewController.m */; };
		613047C518394D70000CCB3B /* SecondViewController.m in Sources */ = {isa = PBXBuildFile; fileRef = 613047C418394D70000CCB3B /* SecondViewController.m */; };
		613047C718394D70000CCB3B /* Images.xcassets in Resources */ = {isa = PBXBuildFile; fileRef = 613047C618394D70000CCB3B /* Images.xcassets */; };
		613047CE18394D70000CCB3B /* XCTest.framework in Frameworks */ = {isa = PBXBuildFile; fileRef = 613047CD18394D70000CCB3B /* XCTest.framework */; };
		613047CF18394D70000CCB3B /* Foundation.framework in Frameworks */ = {isa = PBXBuildFile; fileRef = 613047AB18394D70000CCB3B /* Foundation.framework */; };
		613047D018394D70000CCB3B /* UIKit.framework in Frameworks */ = {isa = PBXBuildFile; fileRef = 613047AF18394D70000CCB3B /* UIKit.framework */; };
		613047D818394D70000CCB3B /* InfoPlist.strings in Resources */ = {isa = PBXBuildFile; fileRef = 613047D618394D70000CCB3B /* InfoPlist.strings */; };
		613047DA18394D70000CCB3B /* DeviceListTests.m in Sources */ = {isa = PBXBuildFile; fileRef = 613047D918394D70000CCB3B /* DeviceListTests.m */; };
		613047E518395918000CCB3B /* DevicesViewController.m in Sources */ = {isa = PBXBuildFile; fileRef = 613047E418395918000CCB3B /* DevicesViewController.m */; };
		613047E818395FC5000CCB3B /* DeviceListClient.m in Sources */ = {isa = PBXBuildFile; fileRef = 613047E718395FC5000CCB3B /* DeviceListClient.m */; };
/* End PBXBuildFile section */

/* Begin PBXContainerItemProxy section */
		613047D118394D70000CCB3B /* PBXContainerItemProxy */ = {
			isa = PBXContainerItemProxy;
			containerPortal = 613047A018394D70000CCB3B /* Project object */;
			proxyType = 1;
			remoteGlobalIDString = 613047A718394D70000CCB3B;
			remoteInfo = DeviceList;
		};
/* End PBXContainerItemProxy section */

/* Begin PBXFileReference section */
		613047A818394D70000CCB3B /* DeviceList.app */ = {isa = PBXFileReference; explicitFileType = wrapper.application; includeInIndex = 0; path = DeviceList.app; sourceTree = BUILT_PRODUCTS_DIR; };
		613047AB18394D70000CCB3B /* Foundation.framework */ = {isa = PBXFileReference; lastKnownFileType = wrapper.framework; name = Foundation.framework; path = System/Library/Frameworks/Foundation.framework; sourceTree = SDKROOT; };
		613047AD18394D70000CCB3B /* CoreGraphics.framework */ = {isa = PBXFileReference; lastKnownFileType = wrapper.framework; name = CoreGraphics.framework; path = System/Library/Frameworks/CoreGraphics.framework; sourceTree = SDKROOT; };
		613047AF18394D70000CCB3B /* UIKit.framework */ = {isa = PBXFileReference; lastKnownFileType = wrapper.framework; name = UIKit.framework; path = System/Library/Frameworks/UIKit.framework; sourceTree = SDKROOT; };
		613047B318394D70000CCB3B /* DeviceList-Info.plist */ = {isa = PBXFileReference; lastKnownFileType = text.plist.xml; path = "DeviceList-Info.plist"; sourceTree = "<group>"; };
		613047B518394D70000CCB3B /* en */ = {isa = PBXFileReference; lastKnownFileType = text.plist.strings; name = en; path = en.lproj/InfoPlist.strings; sourceTree = "<group>"; };
		613047B718394D70000CCB3B /* main.m */ = {isa = PBXFileReference; lastKnownFileType = sourcecode.c.objc; path = main.m; sourceTree = "<group>"; };
		613047B918394D70000CCB3B /* DeviceList-Prefix.pch */ = {isa = PBXFileReference; lastKnownFileType = sourcecode.c.h; path = "DeviceList-Prefix.pch"; sourceTree = "<group>"; };
		613047BA18394D70000CCB3B /* AppDelegate.h */ = {isa = PBXFileReference; lastKnownFileType = sourcecode.c.h; path = AppDelegate.h; sourceTree = "<group>"; };
		613047BB18394D70000CCB3B /* AppDelegate.m */ = {isa = PBXFileReference; lastKnownFileType = sourcecode.c.objc; path = AppDelegate.m; sourceTree = "<group>"; };
		613047BE18394D70000CCB3B /* Base */ = {isa = PBXFileReference; lastKnownFileType = file.storyboard; name = Base; path = Base.lproj/Main.storyboard; sourceTree = "<group>"; };
		613047C018394D70000CCB3B /* FirstViewController.h */ = {isa = PBXFileReference; lastKnownFileType = sourcecode.c.h; path = FirstViewController.h; sourceTree = "<group>"; };
		613047C118394D70000CCB3B /* FirstViewController.m */ = {isa = PBXFileReference; lastKnownFileType = sourcecode.c.objc; path = FirstViewController.m; sourceTree = "<group>"; };
		613047C318394D70000CCB3B /* SecondViewController.h */ = {isa = PBXFileReference; lastKnownFileType = sourcecode.c.h; path = SecondViewController.h; sourceTree = "<group>"; };
		613047C418394D70000CCB3B /* SecondViewController.m */ = {isa = PBXFileReference; lastKnownFileType = sourcecode.c.objc; path = SecondViewController.m; sourceTree = "<group>"; };
		613047C618394D70000CCB3B /* Images.xcassets */ = {isa = PBXFileReference; lastKnownFileType = folder.assetcatalog; path = Images.xcassets; sourceTree = "<group>"; };
		613047CC18394D70000CCB3B /* DeviceListTests.xctest */ = {isa = PBXFileReference; explicitFileType = wrapper.cfbundle; includeInIndex = 0; path = DeviceListTests.xctest; sourceTree = BUILT_PRODUCTS_DIR; };
		613047CD18394D70000CCB3B /* XCTest.framework */ = {isa = PBXFileReference; lastKnownFileType = wrapper.framework; name = XCTest.framework; path = Library/Frameworks/XCTest.framework; sourceTree = DEVELOPER_DIR; };
		613047D518394D70000CCB3B /* DeviceListTests-Info.plist */ = {isa = PBXFileReference; lastKnownFileType = text.plist.xml; path = "DeviceListTests-Info.plist"; sourceTree = "<group>"; };
		613047D718394D70000CCB3B /* en */ = {isa = PBXFileReference; lastKnownFileType = text.plist.strings; name = en; path = en.lproj/InfoPlist.strings; sourceTree = "<group>"; };
		613047D918394D70000CCB3B /* DeviceListTests.m */ = {isa = PBXFileReference; lastKnownFileType = sourcecode.c.objc; path = DeviceListTests.m; sourceTree = "<group>"; };
		613047E318395918000CCB3B /* DevicesViewController.h */ = {isa = PBXFileReference; fileEncoding = 4; lastKnownFileType = sourcecode.c.h; path = DevicesViewController.h; sourceTree = "<group>"; };
		613047E418395918000CCB3B /* DevicesViewController.m */ = {isa = PBXFileReference; fileEncoding = 4; lastKnownFileType = sourcecode.c.objc; path = DevicesViewController.m; sourceTree = "<group>"; };
		613047E618395FC5000CCB3B /* DeviceListClient.h */ = {isa = PBXFileReference; fileEncoding = 4; lastKnownFileType = sourcecode.c.h; path = DeviceListClient.h; sourceTree = "<group>"; };
		613047E718395FC5000CCB3B /* DeviceListClient.m */ = {isa = PBXFileReference; fileEncoding = 4; lastKnownFileType = sourcecode.c.objc; path = DeviceListClient.m; sourceTree = "<group>"; };
		88875D4685F74FC4B2CD91FE /* Pods.xcconfig */ = {isa = PBXFileReference; includeInIndex = 1; lastKnownFileType = text.xcconfig; name = Pods.xcconfig; path = Pods/Pods.xcconfig; sourceTree = "<group>"; };
		CF418A126DF342238241A0D8 /* libPods.a */ = {isa = PBXFileReference; explicitFileType = archive.ar; includeInIndex = 0; path = libPods.a; sourceTree = BUILT_PRODUCTS_DIR; };
/* End PBXFileReference section */

/* Begin PBXFrameworksBuildPhase section */
		613047A518394D70000CCB3B /* Frameworks */ = {
			isa = PBXFrameworksBuildPhase;
			buildActionMask = 2147483647;
			files = (
				613047AE18394D70000CCB3B /* CoreGraphics.framework in Frameworks */,
				613047B018394D70000CCB3B /* UIKit.framework in Frameworks */,
				613047AC18394D70000CCB3B /* Foundation.framework in Frameworks */,
				4F088EA3D10C457C9425E07B /* libPods.a in Frameworks */,
			);
			runOnlyForDeploymentPostprocessing = 0;
		};
		613047C918394D70000CCB3B /* Frameworks */ = {
			isa = PBXFrameworksBuildPhase;
			buildActionMask = 2147483647;
			files = (
				613047CE18394D70000CCB3B /* XCTest.framework in Frameworks */,
				613047D018394D70000CCB3B /* UIKit.framework in Frameworks */,
				613047CF18394D70000CCB3B /* Foundation.framework in Frameworks */,
			);
			runOnlyForDeploymentPostprocessing = 0;
		};
/* End PBXFrameworksBuildPhase section */

/* Begin PBXGroup section */
		6130479F18394D70000CCB3B = {
			isa = PBXGroup;
			children = (
				613047B118394D70000CCB3B /* DeviceList */,
				613047D318394D70000CCB3B /* DeviceListTests */,
				613047AA18394D70000CCB3B /* Frameworks */,
				613047A918394D70000CCB3B /* Products */,
				88875D4685F74FC4B2CD91FE /* Pods.xcconfig */,
			);
			sourceTree = "<group>";
		};
		613047A918394D70000CCB3B /* Products */ = {
			isa = PBXGroup;
			children = (
				613047A818394D70000CCB3B /* DeviceList.app */,
				613047CC18394D70000CCB3B /* DeviceListTests.xctest */,
			);
			name = Products;
			sourceTree = "<group>";
		};
		613047AA18394D70000CCB3B /* Frameworks */ = {
			isa = PBXGroup;
			children = (
				613047AB18394D70000CCB3B /* Foundation.framework */,
				613047AD18394D70000CCB3B /* CoreGraphics.framework */,
				613047AF18394D70000CCB3B /* UIKit.framework */,
				613047CD18394D70000CCB3B /* XCTest.framework */,
				CF418A126DF342238241A0D8 /* libPods.a */,
			);
			name = Frameworks;
			sourceTree = "<group>";
		};
		613047B118394D70000CCB3B /* DeviceList */ = {
			isa = PBXGroup;
			children = (
				613047BA18394D70000CCB3B /* AppDelegate.h */,
				613047BB18394D70000CCB3B /* AppDelegate.m */,
				613047BD18394D70000CCB3B /* Main.storyboard */,
				613047C018394D70000CCB3B /* FirstViewController.h */,
				613047C118394D70000CCB3B /* FirstViewController.m */,
				613047C318394D70000CCB3B /* SecondViewController.h */,
				613047C418394D70000CCB3B /* SecondViewController.m */,
				613047C618394D70000CCB3B /* Images.xcassets */,
				613047B218394D70000CCB3B /* Supporting Files */,
				613047E318395918000CCB3B /* DevicesViewController.h */,
				613047E418395918000CCB3B /* DevicesViewController.m */,
				613047E618395FC5000CCB3B /* DeviceListClient.h */,
				613047E718395FC5000CCB3B /* DeviceListClient.m */,
			);
			path = DeviceList;
			sourceTree = "<group>";
		};
		613047B218394D70000CCB3B /* Supporting Files */ = {
			isa = PBXGroup;
			children = (
				613047B318394D70000CCB3B /* DeviceList-Info.plist */,
				613047B418394D70000CCB3B /* InfoPlist.strings */,
				613047B718394D70000CCB3B /* main.m */,
				613047B918394D70000CCB3B /* DeviceList-Prefix.pch */,
			);
			name = "Supporting Files";
			sourceTree = "<group>";
		};
		613047D318394D70000CCB3B /* DeviceListTests */ = {
			isa = PBXGroup;
			children = (
				613047D918394D70000CCB3B /* DeviceListTests.m */,
				613047D418394D70000CCB3B /* Supporting Files */,
			);
			path = DeviceListTests;
			sourceTree = "<group>";
		};
		613047D418394D70000CCB3B /* Supporting Files */ = {
			isa = PBXGroup;
			children = (
				613047D518394D70000CCB3B /* DeviceListTests-Info.plist */,
				613047D618394D70000CCB3B /* InfoPlist.strings */,
			);
			name = "Supporting Files";
			sourceTree = "<group>";
		};
/* End PBXGroup section */

/* Begin PBXNativeTarget section */
		613047A718394D70000CCB3B /* DeviceList */ = {
			isa = PBXNativeTarget;
			buildConfigurationList = 613047DD18394D70000CCB3B /* Build configuration list for PBXNativeTarget "DeviceList" */;
			buildPhases = (
				D3E4CF401861417D929FDAA3 /* Check Pods Manifest.lock */,
				613047A418394D70000CCB3B /* Sources */,
				613047A518394D70000CCB3B /* Frameworks */,
				613047A618394D70000CCB3B /* Resources */,
				91597E0B64AE4BE48A8372E3 /* Copy Pods Resources */,
			);
			buildRules = (
			);
			dependencies = (
			);
			name = DeviceList;
			productName = DeviceList;
			productReference = 613047A818394D70000CCB3B /* DeviceList.app */;
			productType = "com.apple.product-type.application";
		};
		613047CB18394D70000CCB3B /* DeviceListTests */ = {
			isa = PBXNativeTarget;
			buildConfigurationList = 613047E018394D70000CCB3B /* Build configuration list for PBXNativeTarget "DeviceListTests" */;
			buildPhases = (
				613047C818394D70000CCB3B /* Sources */,
				613047C918394D70000CCB3B /* Frameworks */,
				613047CA18394D70000CCB3B /* Resources */,
			);
			buildRules = (
			);
			dependencies = (
				613047D218394D70000CCB3B /* PBXTargetDependency */,
			);
			name = DeviceListTests;
			productName = DeviceListTests;
			productReference = 613047CC18394D70000CCB3B /* DeviceListTests.xctest */;
			productType = "com.apple.product-type.bundle.unit-test";
		};
/* End PBXNativeTarget section */

/* Begin PBXProject section */
		613047A018394D70000CCB3B /* Project object */ = {
			isa = PBXProject;
			attributes = {
				LastUpgradeCheck = 0500;
				ORGANIZATIONNAME = "DX182-XL";
				TargetAttributes = {
					613047CB18394D70000CCB3B = {
						TestTargetID = 613047A718394D70000CCB3B;
					};
				};
			};
			buildConfigurationList = 613047A318394D70000CCB3B /* Build configuration list for PBXProject "DeviceList" */;
			compatibilityVersion = "Xcode 3.2";
			developmentRegion = English;
			hasScannedForEncodings = 0;
			knownRegions = (
				en,
				Base,
			);
			mainGroup = 6130479F18394D70000CCB3B;
			productRefGroup = 613047A918394D70000CCB3B /* Products */;
			projectDirPath = "";
			projectRoot = "";
			targets = (
				613047A718394D70000CCB3B /* DeviceList */,
				613047CB18394D70000CCB3B /* DeviceListTests */,
			);
		};
/* End PBXProject section */

/* Begin PBXResourcesBuildPhase section */
		613047A618394D70000CCB3B /* Resources */ = {
			isa = PBXResourcesBuildPhase;
			buildActionMask = 2147483647;
			files = (
				613047C718394D70000CCB3B /* Images.xcassets in Resources */,
				613047B618394D70000CCB3B /* InfoPlist.strings in Resources */,
				613047BF18394D70000CCB3B /* Main.storyboard in Resources */,
			);
			runOnlyForDeploymentPostprocessing = 0;
		};
		613047CA18394D70000CCB3B /* Resources */ = {
			isa = PBXResourcesBuildPhase;
			buildActionMask = 2147483647;
			files = (
				613047D818394D70000CCB3B /* InfoPlist.strings in Resources */,
			);
			runOnlyForDeploymentPostprocessing = 0;
		};
/* End PBXResourcesBuildPhase section */

/* Begin PBXShellScriptBuildPhase section */
		91597E0B64AE4BE48A8372E3 /* Copy Pods Resources */ = {
			isa = PBXShellScriptBuildPhase;
			buildActionMask = 2147483647;
			files = (
			);
			inputPaths = (
			);
			name = "Copy Pods Resources";
			outputPaths = (
			);
			runOnlyForDeploymentPostprocessing = 0;
			shellPath = /bin/sh;
			shellScript = "\"${SRCROOT}/Pods/Pods-resources.sh\"\n";
			showEnvVarsInLog = 0;
		};
		D3E4CF401861417D929FDAA3 /* Check Pods Manifest.lock */ = {
			isa = PBXShellScriptBuildPhase;
			buildActionMask = 2147483647;
			files = (
			);
			inputPaths = (
			);
			name = "Check Pods Manifest.lock";
			outputPaths = (
			);
			runOnlyForDeploymentPostprocessing = 0;
			shellPath = /bin/sh;
			shellScript = "diff \"${PODS_ROOT}/../Podfile.lock\" \"${PODS_ROOT}/Manifest.lock\" > /dev/null\nif [[ $? != 0 ]] ; then\n    cat << EOM\nerror: The sandbox is not in sync with the Podfile.lock. Run 'pod install' or update your CocoaPods installation.\nEOM\n    exit 1\nfi\n";
			showEnvVarsInLog = 0;
		};
/* End PBXShellScriptBuildPhase section */

/* Begin PBXSourcesBuildPhase section */
		613047A418394D70000CCB3B /* Sources */ = {
			isa = PBXSourcesBuildPhase;
			buildActionMask = 2147483647;
			files = (
				613047C518394D70000CCB3B /* SecondViewController.m in Sources */,
				613047BC18394D70000CCB3B /* AppDelegate.m in Sources */,
				613047E818395FC5000CCB3B /* DeviceListClient.m in Sources */,
				613047C218394D70000CCB3B /* FirstViewController.m in Sources */,
				613047E518395918000CCB3B /* DevicesViewController.m in Sources */,
				613047B818394D70000CCB3B /* main.m in Sources */,
			);
			runOnlyForDeploymentPostprocessing = 0;
		};
		613047C818394D70000CCB3B /* Sources */ = {
			isa = PBXSourcesBuildPhase;
			buildActionMask = 2147483647;
			files = (
				613047DA18394D70000CCB3B /* DeviceListTests.m in Sources */,
			);
			runOnlyForDeploymentPostprocessing = 0;
		};
/* End PBXSourcesBuildPhase section */

/* Begin PBXTargetDependency section */
		613047D218394D70000CCB3B /* PBXTargetDependency */ = {
			isa = PBXTargetDependency;
			target = 613047A718394D70000CCB3B /* DeviceList */;
			targetProxy = 613047D118394D70000CCB3B /* PBXContainerItemProxy */;
		};
/* End PBXTargetDependency section */

/* Begin PBXVariantGroup section */
		613047B418394D70000CCB3B /* InfoPlist.strings */ = {
			isa = PBXVariantGroup;
			children = (
				613047B518394D70000CCB3B /* en */,
			);
			name = InfoPlist.strings;
			sourceTree = "<group>";
		};
		613047BD18394D70000CCB3B /* Main.storyboard */ = {
			isa = PBXVariantGroup;
			children = (
				613047BE18394D70000CCB3B /* Base */,
			);
			name = Main.storyboard;
			sourceTree = "<group>";
		};
		613047D618394D70000CCB3B /* InfoPlist.strings */ = {
			isa = PBXVariantGroup;
			children = (
				613047D718394D70000CCB3B /* en */,
			);
			name = InfoPlist.strings;
			sourceTree = "<group>";
		};
/* End PBXVariantGroup section */

/* Begin XCBuildConfiguration section */
		613047DB18394D70000CCB3B /* Debug */ = {
			isa = XCBuildConfiguration;
			buildSettings = {
				ALWAYS_SEARCH_USER_PATHS = NO;
				ARCHS = "$(ARCHS_STANDARD_INCLUDING_64_BIT)";
				CLANG_CXX_LANGUAGE_STANDARD = "gnu++0x";
				CLANG_CXX_LIBRARY = "libc++";
				CLANG_ENABLE_MODULES = YES;
				CLANG_ENABLE_OBJC_ARC = YES;
				CLANG_WARN_BOOL_CONVERSION = YES;
				CLANG_WARN_CONSTANT_CONVERSION = YES;
				CLANG_WARN_DIRECT_OBJC_ISA_USAGE = YES_ERROR;
				CLANG_WARN_EMPTY_BODY = YES;
				CLANG_WARN_ENUM_CONVERSION = YES;
				CLANG_WARN_INT_CONVERSION = YES;
				CLANG_WARN_OBJC_ROOT_CLASS = YES_ERROR;
				CLANG_WARN__DUPLICATE_METHOD_MATCH = YES;
				"CODE_SIGN_IDENTITY[sdk=iphoneos*]" = "iPhone Developer";
				COPY_PHASE_STRIP = NO;
				GCC_C_LANGUAGE_STANDARD = gnu99;
				GCC_DYNAMIC_NO_PIC = NO;
				GCC_OPTIMIZATION_LEVEL = 0;
				GCC_PREPROCESSOR_DEFINITIONS = (
					"DEBUG=1",
					"$(inherited)",
				);
				GCC_SYMBOLS_PRIVATE_EXTERN = NO;
				GCC_WARN_64_TO_32_BIT_CONVERSION = YES;
				GCC_WARN_ABOUT_RETURN_TYPE = YES_ERROR;
				GCC_WARN_UNDECLARED_SELECTOR = YES;
				GCC_WARN_UNINITIALIZED_AUTOS = YES;
				GCC_WARN_UNUSED_FUNCTION = YES;
				GCC_WARN_UNUSED_VARIABLE = YES;
				IPHONEOS_DEPLOYMENT_TARGET = 7.0;
				ONLY_ACTIVE_ARCH = YES;
				SDKROOT = iphoneos;
			};
			name = Debug;
		};
		613047DC18394D70000CCB3B /* Release */ = {
			isa = XCBuildConfiguration;
			buildSettings = {
				ALWAYS_SEARCH_USER_PATHS = NO;
				ARCHS = "$(ARCHS_STANDARD_INCLUDING_64_BIT)";
				CLANG_CXX_LANGUAGE_STANDARD = "gnu++0x";
				CLANG_CXX_LIBRARY = "libc++";
				CLANG_ENABLE_MODULES = YES;
				CLANG_ENABLE_OBJC_ARC = YES;
				CLANG_WARN_BOOL_CONVERSION = YES;
				CLANG_WARN_CONSTANT_CONVERSION = YES;
				CLANG_WARN_DIRECT_OBJC_ISA_USAGE = YES_ERROR;
				CLANG_WARN_EMPTY_BODY = YES;
				CLANG_WARN_ENUM_CONVERSION = YES;
				CLANG_WARN_INT_CONVERSION = YES;
				CLANG_WARN_OBJC_ROOT_CLASS = YES_ERROR;
				CLANG_WARN__DUPLICATE_METHOD_MATCH = YES;
				"CODE_SIGN_IDENTITY[sdk=iphoneos*]" = "iPhone Developer";
				COPY_PHASE_STRIP = YES;
				ENABLE_NS_ASSERTIONS = NO;
				GCC_C_LANGUAGE_STANDARD = gnu99;
				GCC_WARN_64_TO_32_BIT_CONVERSION = YES;
				GCC_WARN_ABOUT_RETURN_TYPE = YES_ERROR;
				GCC_WARN_UNDECLARED_SELECTOR = YES;
				GCC_WARN_UNINITIALIZED_AUTOS = YES;
				GCC_WARN_UNUSED_FUNCTION = YES;
				GCC_WARN_UNUSED_VARIABLE = YES;
				IPHONEOS_DEPLOYMENT_TARGET = 7.0;
				SDKROOT = iphoneos;
				VALIDATE_PRODUCT = YES;
			};
			name = Release;
		};
		613047DE18394D70000CCB3B /* Debug */ = {
			isa = XCBuildConfiguration;
			baseConfigurationReference = 88875D4685F74FC4B2CD91FE /* Pods.xcconfig */;
			buildSettings = {
				ASSETCATALOG_COMPILER_APPICON_NAME = AppIcon;
				ASSETCATALOG_COMPILER_LAUNCHIMAGE_NAME = LaunchImage;
				GCC_PRECOMPILE_PREFIX_HEADER = YES;
				GCC_PREFIX_HEADER = "DeviceList/DeviceList-Prefix.pch";
				INFOPLIST_FILE = "DeviceList/DeviceList-Info.plist";
				PRODUCT_NAME = "$(TARGET_NAME)";
				WRAPPER_EXTENSION = app;
			};
			name = Debug;
		};
		613047DF18394D70000CCB3B /* Release */ = {
			isa = XCBuildConfiguration;
			baseConfigurationReference = 88875D4685F74FC4B2CD91FE /* Pods.xcconfig */;
			buildSettings = {
				ASSETCATALOG_COMPILER_APPICON_NAME = AppIcon;
				ASSETCATALOG_COMPILER_LAUNCHIMAGE_NAME = LaunchImage;
				GCC_PRECOMPILE_PREFIX_HEADER = YES;
				GCC_PREFIX_HEADER = "DeviceList/DeviceList-Prefix.pch";
				INFOPLIST_FILE = "DeviceList/DeviceList-Info.plist";
				PRODUCT_NAME = "$(TARGET_NAME)";
				WRAPPER_EXTENSION = app;
			};
			name = Release;
		};
		613047E118394D70000CCB3B /* Debug */ = {
			isa = XCBuildConfiguration;
			buildSettings = {
				ARCHS = "$(ARCHS_STANDARD_INCLUDING_64_BIT)";
				BUNDLE_LOADER = "$(BUILT_PRODUCTS_DIR)/DeviceList.app/DeviceList";
				FRAMEWORK_SEARCH_PATHS = (
					"$(SDKROOT)/Developer/Library/Frameworks",
					"$(inherited)",
					"$(DEVELOPER_FRAMEWORKS_DIR)",
				);
				GCC_PRECOMPILE_PREFIX_HEADER = YES;
				GCC_PREFIX_HEADER = "DeviceList/DeviceList-Prefix.pch";
				GCC_PREPROCESSOR_DEFINITIONS = (
					"DEBUG=1",
					"$(inherited)",
				);
				INFOPLIST_FILE = "DeviceListTests/DeviceListTests-Info.plist";
				PRODUCT_NAME = "$(TARGET_NAME)";
				TEST_HOST = "$(BUNDLE_LOADER)";
				WRAPPER_EXTENSION = xctest;
			};
			name = Debug;
		};
		613047E218394D70000CCB3B /* Release */ = {
			isa = XCBuildConfiguration;
			buildSettings = {
				ARCHS = "$(ARCHS_STANDARD_INCLUDING_64_BIT)";
				BUNDLE_LOADER = "$(BUILT_PRODUCTS_DIR)/DeviceList.app/DeviceList";
				FRAMEWORK_SEARCH_PATHS = (
					"$(SDKROOT)/Developer/Library/Frameworks",
					"$(inherited)",
					"$(DEVELOPER_FRAMEWORKS_DIR)",
				);
				GCC_PRECOMPILE_PREFIX_HEADER = YES;
				GCC_PREFIX_HEADER = "DeviceList/DeviceList-Prefix.pch";
				INFOPLIST_FILE = "DeviceListTests/DeviceListTests-Info.plist";
				PRODUCT_NAME = "$(TARGET_NAME)";
				TEST_HOST = "$(BUNDLE_LOADER)";
				WRAPPER_EXTENSION = xctest;
			};
			name = Release;
		};
/* End XCBuildConfiguration section */

/* Begin XCConfigurationList section */
		613047A318394D70000CCB3B /* Build configuration list for PBXProject "DeviceList" */ = {
			isa = XCConfigurationList;
			buildConfigurations = (
				613047DB18394D70000CCB3B /* Debug */,
				613047DC18394D70000CCB3B /* Release */,
			);
			defaultConfigurationIsVisible = 0;
			defaultConfigurationName = Release;
		};
		613047DD18394D70000CCB3B /* Build configuration list for PBXNativeTarget "DeviceList" */ = {
			isa = XCConfigurationList;
			buildConfigurations = (
				613047DE18394D70000CCB3B /* Debug */,
				613047DF18394D70000CCB3B /* Release */,
			);
			defaultConfigurationIsVisible = 0;
			defaultConfigurationName = Release;
		};
		613047E018394D70000CCB3B /* Build configuration list for PBXNativeTarget "DeviceListTests" */ = {
			isa = XCConfigurationList;
			buildConfigurations = (
				613047E118394D70000CCB3B /* Debug */,
				613047E218394D70000CCB3B /* Release */,
			);
			defaultConfigurationIsVisible = 0;
			defaultConfigurationName = Release;
		};
/* End XCConfigurationList section */
	};
	rootObject = 613047A018394D70000CCB3B /* Project object */;
}
